
Microsoft Visual Studio Solution File, Format Version 12.00
# Visual Studio Version 16
VisualStudioVersion = 25.0.1706.6
MinimumVisualStudioVersion = 10.0.40219.1
Project("{FAE04EC0-301F-11D3-BF4B-00C04F79EFBC}") = "SocioleeMarkingApi", "SocioleeMarkingApi.csproj", "{924B515E-00CA-431E-9F29-827A00D336F1}"
EndProject
Global
	GlobalSection(SolutionConfigurationPlatforms) = preSolution
		Debug|Any CPU = Debug|Any CPU
		Release|Any CPU = Release|Any CPU
	EndGlobalSection
	GlobalSection(ProjectConfigurationPlatforms) = postSolution
		{924B515E-00CA-431E-9F29-827A00D336F1}.Debug|Any CPU.ActiveCfg = Debug|Any CPU
		{924B515E-00CA-431E-9F29-827A00D336F1}.Debug|Any CPU.Build.0 = Debug|Any CPU
		{924B515E-00CA-431E-9F29-827A00D336F1}.Release|Any CPU.ActiveCfg = Release|Any CPU
		{924B515E-00CA-431E-9F29-827A00D336F1}.Release|Any CPU.Build.0 = Release|Any CPU
	EndGlobalSection
	GlobalSection(SolutionProperties) = preSolution
		HideSolutionNode = FALSE
	EndGlobalSection
	GlobalSection(ExtensibilityGlobals) = postSolution
		SolutionGuid = {14A454F5-05E0-4034-9382-7A49ABC47A18}
	EndGlobalSection
EndGlobal
